// !$*UTF8*$!
{
	archiveVersion = 1;
	classes = {
	};
	objectVersion = 46;
	objects = {

/* Begin PBXBuildFile section */
		C939C78D1E7258E600E70479 /* main.m in Sources */ = {isa = PBXBuildFile; fileRef = C939C78C1E7258E600E70479 /* main.m */; };
		C939C7901E7258E600E70479 /* AppDelegate.m in Sources */ = {isa = PBXBuildFile; fileRef = C939C78F1E7258E600E70479 /* AppDelegate.m */; };
		C939C7931E7258E600E70479 /* ViewController.m in Sources */ = {isa = PBXBuildFile; fileRef = C939C7921E7258E600E70479 /* ViewController.m */; };
		C939C7961E7258E600E70479 /* Main.storyboard in Resources */ = {isa = PBXBuildFile; fileRef = C939C7941E7258E600E70479 /* Main.storyboard */; };
		C939C7981E7258E600E70479 /* Assets.xcassets in Resources */ = {isa = PBXBuildFile; fileRef = C939C7971E7258E600E70479 /* Assets.xcassets */; };
		C939C79B1E7258E600E70479 /* LaunchScreen.storyboard in Resources */ = {isa = PBXBuildFile; fileRef = C939C7991E7258E600E70479 /* LaunchScreen.storyboard */; };
		C9820C691E7276100059F1D2 /* MYViewController.m in Sources */ = {isa = PBXBuildFile; fileRef = C9820C681E7276100059F1D2 /* MYViewController.m */; };
		C9820C6D1E72769A0059F1D2 /* CustomeViewController.m in Sources */ = {isa = PBXBuildFile; fileRef = C9820C6B1E72769A0059F1D2 /* CustomeViewController.m */; };
		C9820C6E1E72769A0059F1D2 /* CustomeViewController.xib in Resources */ = {isa = PBXBuildFile; fileRef = C9820C6C1E72769A0059F1D2 /* CustomeViewController.xib */; };
		C9820C701E7277C60059F1D2 /* image001.png in Resources */ = {isa = PBXBuildFile; fileRef = C9820C6F1E7277C60059F1D2 /* image001.png */; };
/* End PBXBuildFile section */

/* Begin PBXFileReference section */
		C939C7881E7258E600E70479 /* GitTest.app */ = {isa = PBXFileReference; explicitFileType = wrapper.application; includeInIndex = 0; path = GitTest.app; sourceTree = BUILT_PRODUCTS_DIR; };
		C939C78C1E7258E600E70479 /* main.m */ = {isa = PBXFileReference; lastKnownFileType = sourcecode.c.objc; path = main.m; sourceTree = "<group>"; };
		C939C78E1E7258E600E70479 /* AppDelegate.h */ = {isa = PBXFileReference; lastKnownFileType = sourcecode.c.h; path = AppDelegate.h; sourceTree = "<group>"; };
		C939C78F1E7258E600E70479 /* AppDelegate.m */ = {isa = PBXFileReference; lastKnownFileType = sourcecode.c.objc; path = AppDelegate.m; sourceTree = "<group>"; };
		C939C7911E7258E600E70479 /* ViewController.h */ = {isa = PBXFileReference; lastKnownFileType = sourcecode.c.h; path = ViewController.h; sourceTree = "<group>"; };
		C939C7921E7258E600E70479 /* ViewController.m */ = {isa = PBXFileReference; lastKnownFileType = sourcecode.c.objc; path = ViewController.m; sourceTree = "<group>"; };
		C939C7951E7258E600E70479 /* Base */ = {isa = PBXFileReference; lastKnownFileType = file.storyboard; name = Base; path = Base.lproj/Main.storyboard; sourceTree = "<group>"; };
		C939C7971E7258E600E70479 /* Assets.xcassets */ = {isa = PBXFileReference; lastKnownFileType = folder.assetcatalog; path = Assets.xcassets; sourceTree = "<group>"; };
		C939C79A1E7258E600E70479 /* Base */ = {isa = PBXFileReference; lastKnownFileType = file.storyboard; name = Base; path = Base.lproj/LaunchScreen.storyboard; sourceTree = "<group>"; };
		C939C79C1E7258E600E70479 /* Info.plist */ = {isa = PBXFileReference; lastKnownFileType = text.plist.xml; path = Info.plist; sourceTree = "<group>"; };
		C9820C671E7276100059F1D2 /* MYViewController.h */ = {isa = PBXFileReference; fileEncoding = 4; lastKnownFileType = sourcecode.c.h; path = MYViewController.h; sourceTree = "<group>"; };
		C9820C681E7276100059F1D2 /* MYViewController.m */ = {isa = PBXFileReference; fileEncoding = 4; lastKnownFileType = sourcecode.c.objc; path = MYViewController.m; sourceTree = "<group>"; };
		C9820C6A1E72769A0059F1D2 /* CustomeViewController.h */ = {isa = PBXFileReference; fileEncoding = 4; lastKnownFileType = sourcecode.c.h; path = CustomeViewController.h; sourceTree = "<group>"; };
		C9820C6B1E72769A0059F1D2 /* CustomeViewController.m */ = {isa = PBXFileReference; fileEncoding = 4; lastKnownFileType = sourcecode.c.objc; path = CustomeViewController.m; sourceTree = "<group>"; };
		C9820C6C1E72769A0059F1D2 /* CustomeViewController.xib */ = {isa = PBXFileReference; fileEncoding = 4; lastKnownFileType = file.xib; path = CustomeViewController.xib; sourceTree = "<group>"; };
		C9820C6F1E7277C60059F1D2 /* image001.png */ = {isa = PBXFileReference; lastKnownFileType = image.png; path = image001.png; sourceTree = "<group>"; };
/* End PBXFileReference section */

/* Begin PBXFrameworksBuildPhase section */
		C939C7851E7258E600E70479 /* Frameworks */ = {
			isa = PBXFrameworksBuildPhase;
			buildActionMask = 2147483647;
			files = (
			);
			runOnlyForDeploymentPostprocessing = 0;
		};
/* End PBXFrameworksBuildPhase section */

/* Begin PBXGroup section */
		C939C77F1E7258E600E70479 = {
			isa = PBXGroup;
			children = (
				C939C78A1E7258E600E70479 /* GitTest */,
				C939C7891E7258E600E70479 /* Products */,
			);
			sourceTree = "<group>";
		};
		C939C7891E7258E600E70479 /* Products */ = {
			isa = PBXGroup;
			children = (
				C939C7881E7258E600E70479 /* GitTest.app */,
			);
			name = Products;
			sourceTree = "<group>";
		};
		C939C78A1E7258E600E70479 /* GitTest */ = {
			isa = PBXGroup;
			children = (
				C939C78E1E7258E600E70479 /* AppDelegate.h */,
				C939C78F1E7258E600E70479 /* AppDelegate.m */,
				C939C7911E7258E600E70479 /* ViewController.h */,
				C939C7921E7258E600E70479 /* ViewController.m */,
				C9820C671E7276100059F1D2 /* MYViewController.h */,
				C9820C681E7276100059F1D2 /* MYViewController.m */,
				C9820C6A1E72769A0059F1D2 /* CustomeViewController.h */,
				C9820C6B1E72769A0059F1D2 /* CustomeViewController.m */,
				C9820C6C1E72769A0059F1D2 /* CustomeViewController.xib */,
				C939C7941E7258E600E70479 /* Main.storyboard */,
				C939C7971E7258E600E70479 /* Assets.xcassets */,
				C9820C6F1E7277C60059F1D2 /* image001.png */,
				C939C7991E7258E600E70479 /* LaunchScreen.storyboard */,
				C939C79C1E7258E600E70479 /* Info.plist */,
				C939C78B1E7258E600E70479 /* Supporting Files */,
			);
			path = GitTest;
			sourceTree = "<group>";
		};
		C939C78B1E7258E600E70479 /* Supporting Files */ = {
			isa = PBXGroup;
			children = (
				C939C78C1E7258E600E70479 /* main.m */,
			);
			name = "Supporting Files";
			sourceTree = "<group>";
		};
/* End PBXGroup section */

/* Begin PBXNativeTarget section */
		C939C7871E7258E600E70479 /* GitTest */ = {
			isa = PBXNativeTarget;
			buildConfigurationList = C939C79F1E7258E600E70479 /* Build configuration list for PBXNativeTarget "GitTest" */;
			buildPhases = (
				C939C7841E7258E600E70479 /* Sources */,
				C939C7851E7258E600E70479 /* Frameworks */,
				C939C7861E7258E600E70479 /* Resources */,
			);
			buildRules = (
			);
			dependencies = (
			);
			name = GitTest;
			productName = GitTest;
			productReference = C939C7881E7258E600E70479 /* GitTest.app */;
			productType = "com.apple.product-type.application";
		};
/* End PBXNativeTarget section */

/* Begin PBXProject section */
		C939C7801E7258E600E70479 /* Project object */ = {
			isa = PBXProject;
			attributes = {
				LastUpgradeCheck = 0820;
				ORGANIZATIONNAME = qiangWang;
				TargetAttributes = {
					C939C7871E7258E600E70479 = {
						CreatedOnToolsVersion = 8.2.1;
						ProvisioningStyle = Automatic;
					};
				};
			};
			buildConfigurationList = C939C7831E7258E600E70479 /* Build configuration list for PBXProject "GitTest" */;
			compatibilityVersion = "Xcode 3.2";
			developmentRegion = English;
			hasScannedForEncodings = 0;
			knownRegions = (
				en,
				Base,
			);
			mainGroup = C939C77F1E7258E600E70479;
			productRefGroup = C939C7891E7258E600E70479 /* Products */;
			projectDirPath = "";
			projectRoot = "";
			targets = (
				C939C7871E7258E600E70479 /* GitTest */,
			);
		};
/* End PBXProject section */

/* Begin PBXResourcesBuildPhase section */
		C939C7861E7258E600E70479 /* Resources */ = {
			isa = PBXResourcesBuildPhase;
			buildActionMask = 2147483647;
			files = (
				C939C79B1E7258E600E70479 /* LaunchScreen.storyboard in Resources */,
				C9820C6E1E72769A0059F1D2 /* CustomeViewController.xib in Resources */,
				C939C7981E7258E600E70479 /* Assets.xcassets in Resources */,
				C939C7961E7258E600E70479 /* Main.storyboard in Resources */,
				C9820C701E7277C60059F1D2 /* image001.png in Resources */,
			);
			runOnlyForDeploymentPostprocessing = 0;
		};
/* End PBXResourcesBuildPhase section */

/* Begin PBXSourcesBuildPhase section */
		C939C7841E7258E600E70479 /* Sources */ = {
			isa = PBXSourcesBuildPhase;
			buildActionMask = 2147483647;
			files = (
				C939C7931E7258E600E70479 /* ViewController.m in Sources */,
				C9820C6D1E72769A0059F1D2 /* CustomeViewController.m in Sources */,
				C939C7901E7258E600E70479 /* AppDelegate.m in Sources */,
				C9820C691E7276100059F1D2 /* MYViewController.m in Sources */,
				C939C78D1E7258E600E70479 /* main.m in Sources */,
			);
			runOnlyForDeploymentPostprocessing = 0;
		};
/* End PBXSourcesBuildPhase section */

/* Begin PBXVariantGroup section */
		C939C7941E7258E600E70479 /* Main.storyboard */ = {
			isa = PBXVariantGroup;
			children = (
				C939C7951E7258E600E70479 /* Base */,
			);
			name = Main.storyboard;
			sourceTree = "<group>";
		};
		C939C7991E7258E600E70479 /* LaunchScreen.storyboard */ = {
			isa = PBXVariantGroup;
			children = (
				C939C79A1E7258E600E70479 /* Base */,
			);
			name = LaunchScreen.storyboard;
			sourceTree = "<group>";
		};
/* End PBXVariantGroup section */

/* Begin XCBuildConfiguration section */
		C939C79D1E7258E600E70479 /* Debug */ = {
			isa = XCBuildConfiguration;
			buildSettings = {
				ALWAYS_SEARCH_USER_PATHS = NO;
				CLANG_ANALYZER_NONNULL = YES;
				CLANG_CXX_LANGUAGE_STANDARD = "gnu++0x";
				CLANG_CXX_LIBRARY = "libc++";
				CLANG_ENABLE_MODULES = YES;
				CLANG_ENABLE_OBJC_ARC = YES;
				CLANG_WARN_BOOL_CONVERSION = YES;
				CLANG_WARN_CONSTANT_CONVERSION = YES;
				CLANG_WARN_DIRECT_OBJC_ISA_USAGE = YES_ERROR;
				CLANG_WARN_DOCUMENTATION_COMMENTS = YES;
				CLANG_WARN_EMPTY_BODY = YES;
				CLANG_WARN_ENUM_CONVERSION = YES;
				CLANG_WARN_INFINITE_RECURSION = YES;
				CLANG_WARN_INT_CONVERSION = YES;
				CLANG_WARN_OBJC_ROOT_CLASS = YES_ERROR;
				CLANG_WARN_SUSPICIOUS_MOVE = YES;
				CLANG_WARN_UNREACHABLE_CODE = YES;
				CLANG_WARN__DUPLICATE_METHOD_MATCH = YES;
				"CODE_SIGN_IDENTITY[sdk=iphoneos*]" = "iPhone Developer";
				COPY_PHASE_STRIP = NO;
				DEBUG_INFORMATION_FORMAT = dwarf;
				ENABLE_STRICT_OBJC_MSGSEND = YES;
				ENABLE_TESTABILITY = YES;
				GCC_C_LANGUAGE_STANDARD = gnu99;
				GCC_DYNAMIC_NO_PIC = NO;
				GCC_NO_COMMON_BLOCKS = YES;
				GCC_OPTIMIZATION_LEVEL = 0;
				GCC_PREPROCESSOR_DEFINITIONS = (
					"DEBUG=1",
					"$(inherited)",
				);
				GCC_WARN_64_TO_32_BIT_CONVERSION = YES;
				GCC_WARN_ABOUT_RETURN_TYPE = YES_ERROR;
				GCC_WARN_UNDECLARED_SELECTOR = YES;
				GCC_WARN_UNINITIALIZED_AUTOS = YES_AGGRESSIVE;
				GCC_WARN_UNUSED_FUNCTION = YES;
				GCC_WARN_UNUSED_VARIABLE = YES;
				IPHONEOS_DEPLOYMENT_TARGET = 10.2;
				MTL_ENABLE_DEBUG_INFO = YES;
				ONLY_ACTIVE_ARCH = YES;
				SDKROOT = iphoneos;
			};
			name = Debug;
		};
		C939C79E1E7258E600E70479 /* Release */ = {
			isa = XCBuildConfiguration;
			buildSettings = {
				ALWAYS_SEARCH_USER_PATHS = NO;
				CLANG_ANALYZER_NONNULL = YES;
				CLANG_CXX_LANGUAGE_STANDARD = "gnu++0x";
				CLANG_CXX_LIBRARY = "libc++";
				CLANG_ENABLE_MODULES = YES;
				CLANG_ENABLE_OBJC_ARC = YES;
				CLANG_WARN_BOOL_CONVERSION = YES;
				CLANG_WARN_CONSTANT_CONVERSION = YES;
				CLANG_WARN_DIRECT_OBJC_ISA_USAGE = YES_ERROR;
				CLANG_WARN_DOCUMENTATION_COMMENTS = YES;
				CLANG_WARN_EMPTY_BODY = YES;
				CLANG_WARN_ENUM_CONVERSION = YES;
				CLANG_WARN_INFINITE_RECURSION = YES;
				CLANG_WARN_INT_CONVERSION = YES;
				CLANG_WARN_OBJC_ROOT_CLASS = YES_ERROR;
				CLANG_WARN_SUSPICIOUS_MOVE = YES;
				CLANG_WARN_UNREACHABLE_CODE = YES;
				CLANG_WARN__DUPLICATE_METHOD_MATCH = YES;
				"CODE_SIGN_IDENTITY[sdk=iphoneos*]" = "iPhone Developer";
				COPY_PHASE_STRIP = NO;
				DEBUG_INFORMATION_FORMAT = "dwarf-with-dsym";
				ENABLE_NS_ASSERTIONS = NO;
				ENABLE_STRICT_OBJC_MSGSEND = YES;
				GCC_C_LANGUAGE_STANDARD = gnu99;
				GCC_NO_COMMON_BLOCKS = YES;
				GCC_WARN_64_TO_32_BIT_CONVERSION = YES;
				GCC_WARN_ABOUT_RETURN_TYPE = YES_ERROR;
				GCC_WARN_UNDECLARED_SELECTOR = YES;
				GCC_WARN_UNINITIALIZED_AUTOS = YES_AGGRESSIVE;
				GCC_WARN_UNUSED_FUNCTION = YES;
				GCC_WARN_UNUSED_VARIABLE = YES;
				IPHONEOS_DEPLOYMENT_TARGET = 10.2;
				MTL_ENABLE_DEBUG_INFO = NO;
				SDKROOT = iphoneos;
				VALIDATE_PRODUCT = YES;
			};
			name = Release;
		};
		C939C7A01E7258E600E70479 /* Debug */ = {
			isa = XCBuildConfiguration;
			buildSettings = {
				ASSETCATALOG_COMPILER_APPICON_NAME = AppIcon;
				INFOPLIST_FILE = GitTest/Info.plist;
				LD_RUNPATH_SEARCH_PATHS = "$(inherited) @executable_path/Frameworks";
				PRODUCT_BUNDLE_IDENTIFIER = com.wangqiang.GitTest;
				PRODUCT_NAME = "$(TARGET_NAME)";
			};
			name = Debug;
		};
		C939C7A11E7258E600E70479 /* Release */ = {
			isa = XCBuildConfiguration;
			buildSettings = {
				ASSETCATALOG_COMPILER_APPICON_NAME = AppIcon;
				INFOPLIST_FILE = GitTest/Info.plist;
				LD_RUNPATH_SEARCH_PATHS = "$(inherited) @executable_path/Frameworks";
				PRODUCT_BUNDLE_IDENTIFIER = com.wangqiang.GitTest;
				PRODUCT_NAME = "$(TARGET_NAME)";
			};
			name = Release;
		};
/* End XCBuildConfiguration section */

/* Begin XCConfigurationList section */
		C939C7831E7258E600E70479 /* Build configuration list for PBXProject "GitTest" */ = {
			isa = XCConfigurationList;
			buildConfigurations = (
				C939C79D1E7258E600E70479 /* Debug */,
				C939C79E1E7258E600E70479 /* Release */,
			);
			defaultConfigurationIsVisible = 0;
			defaultConfigurationName = Release;
		};
		C939C79F1E7258E600E70479 /* Build configuration list for PBXNativeTarget "GitTest" */ = {
			isa = XCConfigurationList;
			buildConfigurations = (
				C939C7A01E7258E600E70479 /* Debug */,
				C939C7A11E7258E600E70479 /* Release */,
			);
			defaultConfigurationIsVisible = 0;
			defaultConfigurationName = Release;
		};
/* End XCConfigurationList section */
	};
	rootObject = C939C7801E7258E600E70479 /* Project object */;
}
